
Microsoft Visual Studio Solution File, Format Version 12.00
# Visual Studio Version 16
VisualStudioVersion = 16.0.30907.101
MinimumVisualStudioVersion = 10.0.40219.1
Project("{9A19103F-16F7-4668-BE54-9A1E7A4F7556}") = "Anaprosy.API", "Anaprosy.API\Anaprosy.API.csproj", "{3DFD5C16-D18B-463D-B1E1-707C205890B8}"
EndProject
Project("{9A19103F-16F7-4668-BE54-9A1E7A4F7556}") = "Anaprosy.Client", "Anaprosy.Client\Anaprosy.Client.csproj", "{879DEECC-5083-41C6-9BBF-8E41FBC4F8A4}"
EndProject
Project("{9A19103F-16F7-4668-BE54-9A1E7A4F7556}") = "Anaprosy.DAL", "Anaprosy.DAL\Anaprosy.DAL.csproj", "{95EC4BFA-B669-4833-8555-0F0986B253F2}"
EndProject
Project("{9A19103F-16F7-4668-BE54-9A1E7A4F7556}") = "Anaprosy.Data", "Anaprosy.Data\Anaprosy.Data.csproj", "{A110737E-2EA2-40F7-8CDD-2EADDAD67105}"
EndProject
Project("{9A19103F-16F7-4668-BE54-9A1E7A4F7556}") = "Anaprosy.Front.End", "Anaprosy.Front.End\Anaprosy.Front.End.csproj", "{A774C34B-76A2-44F5-AF3A-7E27737A7B4D}"
EndProject
Project("{9A19103F-16F7-4668-BE54-9A1E7A4F7556}") = "Anaprosy.Service.Client", "Anaprosy.Client.Service\Anaprosy.Service.Client.csproj", "{B6FE9437-1443-4BBE-ACEB-C6F8F3C574A0}"
EndProject
Global
	GlobalSection(SolutionConfigurationPlatforms) = preSolution
		Debug|Any CPU = Debug|Any CPU
		Release|Any CPU = Release|Any CPU
	EndGlobalSection
	GlobalSection(ProjectConfigurationPlatforms) = postSolution
		{3DFD5C16-D18B-463D-B1E1-707C205890B8}.Debug|Any CPU.ActiveCfg = Debug|Any CPU
		{3DFD5C16-D18B-463D-B1E1-707C205890B8}.Debug|Any CPU.Build.0 = Debug|Any CPU
		{3DFD5C16-D18B-463D-B1E1-707C205890B8}.Release|Any CPU.ActiveCfg = Release|Any CPU
		{3DFD5C16-D18B-463D-B1E1-707C205890B8}.Release|Any CPU.Build.0 = Release|Any CPU
		{879DEECC-5083-41C6-9BBF-8E41FBC4F8A4}.Debug|Any CPU.ActiveCfg = Debug|Any CPU
		{879DEECC-5083-41C6-9BBF-8E41FBC4F8A4}.Debug|Any CPU.Build.0 = Debug|Any CPU
		{879DEECC-5083-41C6-9BBF-8E41FBC4F8A4}.Release|Any CPU.ActiveCfg = Release|Any CPU
		{879DEECC-5083-41C6-9BBF-8E41FBC4F8A4}.Release|Any CPU.Build.0 = Release|Any CPU
		{95EC4BFA-B669-4833-8555-0F0986B253F2}.Debug|Any CPU.ActiveCfg = Debug|Any CPU
		{95EC4BFA-B669-4833-8555-0F0986B253F2}.Debug|Any CPU.Build.0 = Debug|Any CPU
		{95EC4BFA-B669-4833-8555-0F0986B253F2}.Release|Any CPU.ActiveCfg = Release|Any CPU
		{95EC4BFA-B669-4833-8555-0F0986B253F2}.Release|Any CPU.Build.0 = Release|Any CPU
		{A110737E-2EA2-40F7-8CDD-2EADDAD67105}.Debug|Any CPU.ActiveCfg = Debug|Any CPU
		{A110737E-2EA2-40F7-8CDD-2EADDAD67105}.Debug|Any CPU.Build.0 = Debug|Any CPU
		{A110737E-2EA2-40F7-8CDD-2EADDAD67105}.Release|Any CPU.ActiveCfg = Release|Any CPU
		{A110737E-2EA2-40F7-8CDD-2EADDAD67105}.Release|Any CPU.Build.0 = Release|Any CPU
		{A774C34B-76A2-44F5-AF3A-7E27737A7B4D}.Debug|Any CPU.ActiveCfg = Debug|Any CPU
		{A774C34B-76A2-44F5-AF3A-7E27737A7B4D}.Debug|Any CPU.Build.0 = Debug|Any CPU
		{A774C34B-76A2-44F5-AF3A-7E27737A7B4D}.Release|Any CPU.ActiveCfg = Release|Any CPU
		{A774C34B-76A2-44F5-AF3A-7E27737A7B4D}.Release|Any CPU.Build.0 = Release|Any CPU
		{B6FE9437-1443-4BBE-ACEB-C6F8F3C574A0}.Debug|Any CPU.ActiveCfg = Debug|Any CPU
		{B6FE9437-1443-4BBE-ACEB-C6F8F3C574A0}.Debug|Any CPU.Build.0 = Debug|Any CPU
		{B6FE9437-1443-4BBE-ACEB-C6F8F3C574A0}.Release|Any CPU.ActiveCfg = Release|Any CPU
		{B6FE9437-1443-4BBE-ACEB-C6F8F3C574A0}.Release|Any CPU.Build.0 = Release|Any CPU
	EndGlobalSection
	GlobalSection(SolutionProperties) = preSolution
		HideSolutionNode = FALSE
	EndGlobalSection
	GlobalSection(ExtensibilityGlobals) = postSolution
		SolutionGuid = {F8064295-960B-4A53-8F23-4250FD7ACD9E}
	EndGlobalSection
EndGlobal
